
Microsoft Visual Studio Solution File, Format Version 12.00
# Visual Studio Version 17
VisualStudioVersion = 17.9.34607.119
MinimumVisualStudioVersion = 10.0.40219.1
Project("{9A19103F-16F7-4668-BE54-9A1E7A4F7556}") = "SearchProgamModul3.Server", "SearchProgamModul3\Server\SearchProgamModul3.Server.csproj", "{51B259EE-3722-4983-88C6-3162D5B095A2}"
EndProject
Project("{9A19103F-16F7-4668-BE54-9A1E7A4F7556}") = "SearchProgamModul3.Shared", "SearchProgamModul3\Shared\SearchProgamModul3.Shared.csproj", "{E7CB7FD0-0921-4E2C-88B2-EA8B87E86523}"
EndProject
Global
	GlobalSection(SolutionConfigurationPlatforms) = preSolution
		Debug|Any CPU = Debug|Any CPU
		Release|Any CPU = Release|Any CPU
	EndGlobalSection
	GlobalSection(ProjectConfigurationPlatforms) = postSolution
		{51B259EE-3722-4983-88C6-3162D5B095A2}.Debug|Any CPU.ActiveCfg = Debug|Any CPU
		{51B259EE-3722-4983-88C6-3162D5B095A2}.Debug|Any CPU.Build.0 = Debug|Any CPU
		{51B259EE-3722-4983-88C6-3162D5B095A2}.Release|Any CPU.ActiveCfg = Release|Any CPU
		{51B259EE-3722-4983-88C6-3162D5B095A2}.Release|Any CPU.Build.0 = Release|Any CPU
		{0BCEDD0C-EC87-4DE0-8BEF-2BFE8F1DF6AD}.Debug|Any CPU.ActiveCfg = Debug|Any CPU
		{0BCEDD0C-EC87-4DE0-8BEF-2BFE8F1DF6AD}.Debug|Any CPU.Build.0 = Debug|Any CPU
		{0BCEDD0C-EC87-4DE0-8BEF-2BFE8F1DF6AD}.Release|Any CPU.ActiveCfg = Release|Any CPU
		{0BCEDD0C-EC87-4DE0-8BEF-2BFE8F1DF6AD}.Release|Any CPU.Build.0 = Release|Any CPU
		{E7CB7FD0-0921-4E2C-88B2-EA8B87E86523}.Debug|Any CPU.ActiveCfg = Debug|Any CPU
		{E7CB7FD0-0921-4E2C-88B2-EA8B87E86523}.Debug|Any CPU.Build.0 = Debug|Any CPU
		{E7CB7FD0-0921-4E2C-88B2-EA8B87E86523}.Release|Any CPU.ActiveCfg = Release|Any CPU
		{E7CB7FD0-0921-4E2C-88B2-EA8B87E86523}.Release|Any CPU.Build.0 = Release|Any CPU
	EndGlobalSection
	GlobalSection(SolutionProperties) = preSolution
		HideSolutionNode = FALSE
	EndGlobalSection
	GlobalSection(ExtensibilityGlobals) = postSolution
		SolutionGuid = {37693C23-0D29-4B67-8473-3F1E180C74C1}
	EndGlobalSection
EndGlobal
